
Microsoft Visual Studio Solution File, Format Version 12.00
# Visual Studio Version 16
VisualStudioVersion = 16.0.30611.23
MinimumVisualStudioVersion = 10.0.40219.1
Project("{FAE04EC0-301F-11D3-BF4B-00C04F79EFBC}") = "Client", "Client\Client.csproj", "{BF6952AB-3D60-4D1B-A21A-DE14A77DA5CD}"
EndProject
Global
	GlobalSection(SolutionConfigurationPlatforms) = preSolution
		Debug|Any CPU = Debug|Any CPU
		Release|Any CPU = Release|Any CPU
	EndGlobalSection
	GlobalSection(ProjectConfigurationPlatforms) = postSolution
		{BF6952AB-3D60-4D1B-A21A-DE14A77DA5CD}.Debug|Any CPU.ActiveCfg = Debug|Any CPU
		{BF6952AB-3D60-4D1B-A21A-DE14A77DA5CD}.Debug|Any CPU.Build.0 = Debug|Any CPU
		{BF6952AB-3D60-4D1B-A21A-DE14A77DA5CD}.Release|Any CPU.ActiveCfg = Release|Any CPU
		{BF6952AB-3D60-4D1B-A21A-DE14A77DA5CD}.Release|Any CPU.Build.0 = Release|Any CPU
	EndGlobalSection
	GlobalSection(SolutionProperties) = preSolution
		HideSolutionNode = FALSE
	EndGlobalSection
	GlobalSection(ExtensibilityGlobals) = postSolution
		SolutionGuid = {6337B91A-A6F6-4D16-A8C7-36C326DF2FC3}
	EndGlobalSection
EndGlobal
